{
  "name": "solat-desktop",
  "version": "3.1.0",
  "lockfileVersion": 3,
  "requires": true,
  "packages": {
    "": {
      "name": "solat-desktop",
      "version": "3.1.0",
      "dependencies": {
        "@tauri-apps/api": "^2.0.0",
        "@tauri-apps/plugin-dialog": "^2.0.0",
        "@tauri-apps/plugin-fs": "^2.0.0",
        "@tauri-apps/plugin-shell": "^2.0.0",
        "lightweight-charts": "^5.1.0",
        "react": "^18.3.1",
        "react-dom": "^18.3.1",
        "react-router-dom": "^7.13.0"
      },
      "devDependencies": {
        "@eslint/js": "^9.39.2",
        "@tauri-apps/cli": "^2.0.0",
        "@types/react": "^18.3.12",
        "@types/react-dom": "^18.3.1",
        "@typescript-eslint/eslint-plugin": "^8.14.0",
        "@typescript-eslint/parser": "^8.14.0",
        "@vitejs/plugin-react": "^4.3.3",
        "eslint": "^9.14.0",
        "eslint-plugin-react-hooks": "^5.0.0",
        "typescript": "^5.6.3",
        "typescript-eslint": "^8.54.0",
        "vite": "^5.4.11"
      }
    },
    "../../node_modules/.pnpm/@eslint+js@9.39.2/node_modules/@eslint/js": {
      "version": "9.39.2",
      "dev": true,
      "license": "MIT",
      "engines": {
        "node": "^18.18.0 || ^20.9.0 || >=21.1.0"
      },
      "funding": {
        "url": "https://eslint.org/donate"
      }
    },
    "../../node_modules/.pnpm/@tauri-apps+api@2.9.1/node_modules/@tauri-apps/api": {
      "version": "2.9.1",
      "license": "Apache-2.0 OR MIT",
      "devDependencies": {
        "@eslint/js": "^9.29.0",
        "@rollup/plugin-terser": "0.4.4",
        "@rollup/plugin-typescript": "12.3.0",
        "@types/eslint": "^9.6.1",
        "@types/node": "^24.0.0",
        "eslint": "^9.29.0",
        "eslint-config-prettier": "10.1.8",
        "eslint-plugin-security": "3.0.1",
        "fast-glob": "3.3.3",
        "globals": "^16.2.0",
        "rollup": "4.53.3",
        "tslib": "^2.8.1",
        "typescript": "^5.8.3",
        "typescript-eslint": "^8.34.1"
      },
      "funding": {
        "type": "opencollective",
        "url": "https://opencollective.com/tauri"
      }
    },
    "../../node_modules/.pnpm/@tauri-apps+cli@2.9.6/node_modules/@tauri-apps/cli": {
      "version": "2.9.6",
      "dev": true,
      "license": "Apache-2.0 OR MIT",
      "bin": {
        "tauri": "tauri.js"
      },
      "devDependencies": {
        "@napi-rs/cli": "^3.4.1",
        "@types/node": "^24.0.0",
        "cross-env": "10.1.0",
        "vitest": "^4.0.0"
      },
      "engines": {
        "node": ">= 10"
      },
      "funding": {
        "type": "opencollective",
        "url": "https://opencollective.com/tauri"
      },
      "optionalDependencies": {
        "@tauri-apps/cli-darwin-arm64": "2.9.6",
        "@tauri-apps/cli-darwin-x64": "2.9.6",
        "@tauri-apps/cli-linux-arm-gnueabihf": "2.9.6",
        "@tauri-apps/cli-linux-arm64-gnu": "2.9.6",
        "@tauri-apps/cli-linux-arm64-musl": "2.9.6",
        "@tauri-apps/cli-linux-riscv64-gnu": "2.9.6",
        "@tauri-apps/cli-linux-x64-gnu": "2.9.6",
        "@tauri-apps/cli-linux-x64-musl": "2.9.6",
        "@tauri-apps/cli-win32-arm64-msvc": "2.9.6",
        "@tauri-apps/cli-win32-ia32-msvc": "2.9.6",
        "@tauri-apps/cli-win32-x64-msvc": "2.9.6"
      }
    },
    "../../node_modules/.pnpm/@tauri-apps+plugin-shell@2.3.4/node_modules/@tauri-apps/plugin-shell": {
      "version": "2.3.4",
      "license": "MIT OR Apache-2.0",
      "dependencies": {
        "@tauri-apps/api": "^2.8.0"
      }
    },
    "../../node_modules/.pnpm/@types+react-dom@18.3.7_@types+react@18.3.27/node_modules/@types/react-dom": {
      "version": "18.3.7",
      "dev": true,
      "license": "MIT",
      "peerDependencies": {
        "@types/react": "^18.0.0"
      }
    },
    "../../node_modules/.pnpm/@types+react@18.3.27/node_modules/@types/react": {
      "version": "18.3.27",
      "dev": true,
      "license": "MIT",
      "dependencies": {
        "@types/prop-types": "*",
        "csstype": "^3.2.2"
      }
    },
    "../../node_modules/.pnpm/@typescript-eslint+eslint-plugin@8.54.0_@typescript-eslint+parser@8.54.0_eslint@9.39.2_typesc_5lveh45vmgjk34yu5t4vlz3xyq/node_modules/@typescript-eslint/eslint-plugin": {
      "version": "8.54.0",
      "dev": true,
      "license": "MIT",
      "dependencies": {
        "@eslint-community/regexpp": "^4.12.2",
        "@typescript-eslint/scope-manager": "8.54.0",
        "@typescript-eslint/type-utils": "8.54.0",
        "@typescript-eslint/utils": "8.54.0",
        "@typescript-eslint/visitor-keys": "8.54.0",
        "ignore": "^7.0.5",
        "natural-compare": "^1.4.0",
        "ts-api-utils": "^2.4.0"
      },
      "devDependencies": {
        "@types/mdast": "^4.0.4",
        "@types/natural-compare": "*",
        "@typescript-eslint/rule-schema-to-typescript-types": "8.54.0",
        "@typescript-eslint/rule-tester": "8.54.0",
        "@vitest/coverage-v8": "^3.2.4",
        "ajv": "^6.12.6",
        "eslint": "*",
        "json-schema": "*",
        "markdown-table": "^3.0.4",
        "marked": "^15.0.12",
        "mdast-util-from-markdown": "^2.0.2",
        "mdast-util-mdx": "^3.0.0",
        "micromark-extension-mdxjs": "^3.0.0",
        "prettier": "3.8.0",
        "rimraf": "*",
        "title-case": "^4.3.2",
        "tsx": "*",
        "typescript": "*",
        "unist-util-visit": "^5.0.0",
        "vitest": "^3.2.4"
      },
      "engines": {
        "node": "^18.18.0 || ^20.9.0 || >=21.1.0"
      },
      "funding": {
        "type": "opencollective",
        "url": "https://opencollective.com/typescript-eslint"
      },
      "peerDependencies": {
        "@typescript-eslint/parser": "^8.54.0",
        "eslint": "^8.57.0 || ^9.0.0",
        "typescript": ">=4.8.4 <6.0.0"
      }
    },
    "../../node_modules/.pnpm/@typescript-eslint+parser@8.54.0_eslint@9.39.2_typescript@5.9.3/node_modules/@typescript-eslint/parser": {
      "version": "8.54.0",
      "dev": true,
      "license": "MIT",
      "dependencies": {
        "@typescript-eslint/scope-manager": "8.54.0",
        "@typescript-eslint/types": "8.54.0",
        "@typescript-eslint/typescript-estree": "8.54.0",
        "@typescript-eslint/visitor-keys": "8.54.0",
        "debug": "^4.4.3"
      },
      "devDependencies": {
        "@vitest/coverage-v8": "^3.2.4",
        "eslint": "*",
        "glob": "*",
        "rimraf": "*",
        "typescript": "*",
        "vitest": "^3.2.4"
      },
      "engines": {
        "node": "^18.18.0 || ^20.9.0 || >=21.1.0"
      },
      "funding": {
        "type": "opencollective",
        "url": "https://opencollective.com/typescript-eslint"
      },
      "peerDependencies": {
        "eslint": "^8.57.0 || ^9.0.0",
        "typescript": ">=4.8.4 <6.0.0"
      }
    },
    "../../node_modules/.pnpm/@vitejs+plugin-react@4.7.0_vite@5.4.21/node_modules/@vitejs/plugin-react": {
      "version": "4.7.0",
      "dev": true,
      "license": "MIT",
      "dependencies": {
        "@babel/core": "^7.28.0",
        "@babel/plugin-transform-react-jsx-self": "^7.27.1",
        "@babel/plugin-transform-react-jsx-source": "^7.27.1",
        "@rolldown/pluginutils": "1.0.0-beta.27",
        "@types/babel__core": "^7.20.5",
        "react-refresh": "^0.17.0"
      },
      "devDependencies": {
        "@vitejs/react-common": "workspace:*",
        "babel-plugin-react-compiler": "19.1.0-rc.2",
        "react": "^19.1.0",
        "react-dom": "^19.1.0",
        "rolldown": "1.0.0-beta.27",
        "tsdown": "^0.12.9",
        "vitest": "^3.2.4"
      },
      "engines": {
        "node": "^14.18.0 || >=16.0.0"
      },
      "peerDependencies": {
        "vite": "^4.2.0 || ^5.0.0 || ^6.0.0 || ^7.0.0"
      }
    },
    "../../node_modules/.pnpm/eslint-plugin-react-hooks@5.2.0_eslint@9.39.2/node_modules/eslint-plugin-react-hooks": {
      "version": "5.2.0",
      "dev": true,
      "license": "MIT",
      "devDependencies": {
        "@babel/eslint-parser": "^7.11.4",
        "@babel/preset-typescript": "^7.26.0",
        "@tsconfig/strictest": "^2.0.5",
        "@types/eslint": "^8.56.12",
        "@types/estree": "^1.0.6",
        "@types/estree-jsx": "^1.0.5",
        "@types/node": "^20.2.5",
        "@typescript-eslint/parser-v2": "npm:@typescript-eslint/parser@^2.26.0",
        "@typescript-eslint/parser-v3": "npm:@typescript-eslint/parser@^3.10.0",
        "@typescript-eslint/parser-v4": "npm:@typescript-eslint/parser@^4.1.0",
        "@typescript-eslint/parser-v5": "npm:@typescript-eslint/parser@^5.62.0",
        "babel-eslint": "^10.0.3",
        "eslint-v7": "npm:eslint@^7.7.0",
        "eslint-v9": "npm:eslint@^9.0.0",
        "jest": "^29.5.0",
        "typescript": "^5.4.3"
      },
      "engines": {
        "node": ">=10"
      },
      "peerDependencies": {
        "eslint": "^3.0.0 || ^4.0.0 || ^5.0.0 || ^6.0.0 || ^7.0.0 || ^8.0.0-0 || ^9.0.0"
      }
    },
    "../../node_modules/.pnpm/eslint@9.39.2/node_modules/eslint": {
      "version": "9.39.2",
      "dev": true,
      "license": "MIT",
      "dependencies": {
        "@eslint-community/eslint-utils": "^4.8.0",
        "@eslint-community/regexpp": "^4.12.1",
        "@eslint/config-array": "^0.21.1",
        "@eslint/config-helpers": "^0.4.2",
        "@eslint/core": "^0.17.0",
        "@eslint/eslintrc": "^3.3.1",
        "@eslint/js": "9.39.2",
        "@eslint/plugin-kit": "^0.4.1",
        "@humanfs/node": "^0.16.6",
        "@humanwhocodes/module-importer": "^1.0.1",
        "@humanwhocodes/retry": "^0.4.2",
        "@types/estree": "^1.0.6",
        "ajv": "^6.12.4",
        "chalk": "^4.0.0",
        "cross-spawn": "^7.0.6",
        "debug": "^4.3.2",
        "escape-string-regexp": "^4.0.0",
        "eslint-scope": "^8.4.0",
        "eslint-visitor-keys": "^4.2.1",
        "espree": "^10.4.0",
        "esquery": "^1.5.0",
        "esutils": "^2.0.2",
        "fast-deep-equal": "^3.1.3",
        "file-entry-cache": "^8.0.0",
        "find-up": "^5.0.0",
        "glob-parent": "^6.0.2",
        "ignore": "^5.2.0",
        "imurmurhash": "^0.1.4",
        "is-glob": "^4.0.0",
        "json-stable-stringify-without-jsonify": "^1.0.1",
        "lodash.merge": "^4.6.2",
        "minimatch": "^3.1.2",
        "natural-compare": "^1.4.0",
        "optionator": "^0.9.3"
      },
      "bin": {
        "eslint": "bin/eslint.js"
      },
      "devDependencies": {
        "@arethetypeswrong/cli": "^0.18.0",
        "@babel/core": "^7.4.3",
        "@babel/preset-env": "^7.4.3",
        "@cypress/webpack-preprocessor": "^6.0.2",
        "@eslint/json": "^0.13.2",
        "@trunkio/launcher": "^1.3.4",
        "@types/esquery": "^1.5.4",
        "@types/node": "^22.13.14",
        "@typescript-eslint/parser": "^8.4.0",
        "babel-loader": "^8.0.5",
        "c8": "^7.12.0",
        "chai": "^4.0.1",
        "cheerio": "^0.22.0",
        "common-tags": "^1.8.0",
        "core-js": "^3.1.3",
        "cypress": "^14.1.0",
        "ejs": "^3.0.2",
        "eslint": "file:.",
        "eslint-config-eslint": "file:packages/eslint-config-eslint",
        "eslint-plugin-eslint-plugin": "^6.0.0",
        "eslint-plugin-expect-type": "^0.6.0",
        "eslint-plugin-yml": "^1.14.0",
        "eslint-release": "^3.3.0",
        "eslint-rule-composer": "^0.3.0",
        "eslump": "^3.0.0",
        "esprima": "^4.0.1",
        "fast-glob": "^3.2.11",
        "fs-teardown": "^0.1.3",
        "glob": "^10.0.0",
        "globals": "^16.2.0",
        "got": "^11.8.3",
        "gray-matter": "^4.0.3",
        "jiti": "^2.6.1",
        "jiti-v2.0": "npm:jiti@2.0.x",
        "jiti-v2.1": "npm:jiti@2.1.x",
        "knip": "^5.60.2",
        "lint-staged": "^11.0.0",
        "markdown-it": "^12.2.0",
        "markdown-it-container": "^3.0.0",
        "marked": "^4.0.8",
        "metascraper": "^5.25.7",
        "metascraper-description": "^5.25.7",
        "metascraper-image": "^5.29.3",
        "metascraper-logo": "^5.25.7",
        "metascraper-logo-favicon": "^5.25.7",
        "metascraper-title": "^5.25.7",
        "mocha": "^11.7.1",
        "node-polyfill-webpack-plugin": "^1.0.3",
        "npm-license": "^0.3.3",
        "pirates": "^4.0.5",
        "progress": "^2.0.3",
        "proxyquire": "^2.0.1",
        "recast": "^0.23.0",
        "regenerator-runtime": "^0.14.0",
        "semver": "^7.5.3",
        "shelljs": "^0.10.0",
        "sinon": "^11.0.0",
        "typescript": "^5.3.3",
        "webpack": "^5.23.0",
        "webpack-cli": "^4.5.0",
        "yorkie": "^2.0.0"
      },
      "engines": {
        "node": "^18.18.0 || ^20.9.0 || >=21.1.0"
      },
      "funding": {
        "url": "https://eslint.org/donate"
      },
      "peerDependencies": {
        "jiti": "*"
      },
      "peerDependenciesMeta": {
        "jiti": {
          "optional": true
        }
      }
    },
    "../../node_modules/.pnpm/lightweight-charts@5.1.0/node_modules/lightweight-charts": {
      "version": "5.1.0",
      "license": "Apache-2.0",
      "dependencies": {
        "fancy-canvas": "2.1.0"
      }
    },
    "../../node_modules/.pnpm/react-dom@18.3.1_react@18.3.1/node_modules/react-dom": {
      "version": "18.3.1",
      "license": "MIT",
      "dependencies": {
        "loose-envify": "^1.1.0",
        "scheduler": "^0.23.2"
      },
      "peerDependencies": {
        "react": "^18.3.1"
      }
    },
    "../../node_modules/.pnpm/react-router-dom@7.13.0_react-dom@18.3.1_react@18.3.1__react@18.3.1/node_modules/react-router-dom": {
      "version": "7.13.0",
      "license": "MIT",
      "dependencies": {
        "react-router": "7.13.0"
      },
      "devDependencies": {
        "react": "^19.2.3",
        "react-dom": "^19.2.3",
        "tsup": "^8.3.0",
        "typescript": "^5.4.5",
        "wireit": "0.14.9"
      },
      "engines": {
        "node": ">=20.0.0"
      },
      "peerDependencies": {
        "react": ">=18",
        "react-dom": ">=18"
      }
    },
    "../../node_modules/.pnpm/react@18.3.1/node_modules/react": {
      "version": "18.3.1",
      "license": "MIT",
      "dependencies": {
        "loose-envify": "^1.1.0"
      },
      "engines": {
        "node": ">=0.10.0"
      }
    },
    "../../node_modules/.pnpm/typescript-eslint@8.54.0_eslint@9.39.2_typescript@5.9.3/node_modules/typescript-eslint": {
      "version": "8.54.0",
      "dev": true,
      "license": "MIT",
      "dependencies": {
        "@typescript-eslint/eslint-plugin": "8.54.0",
        "@typescript-eslint/parser": "8.54.0",
        "@typescript-eslint/typescript-estree": "8.54.0",
        "@typescript-eslint/utils": "8.54.0"
      },
      "devDependencies": {
        "@vitest/coverage-v8": "^3.2.4",
        "eslint": "*",
        "rimraf": "*",
        "typescript": "*",
        "vitest": "^3.2.4"
      },
      "engines": {
        "node": "^18.18.0 || ^20.9.0 || >=21.1.0"
      },
      "funding": {
        "type": "opencollective",
        "url": "https://opencollective.com/typescript-eslint"
      },
      "peerDependencies": {
        "eslint": "^8.57.0 || ^9.0.0",
        "typescript": ">=4.8.4 <6.0.0"
      }
    },
    "../../node_modules/.pnpm/typescript@5.9.3/node_modules/typescript": {
      "version": "5.9.3",
      "dev": true,
      "license": "Apache-2.0",
      "bin": {
        "tsc": "bin/tsc",
        "tsserver": "bin/tsserver"
      },
      "devDependencies": {
        "@dprint/formatter": "^0.4.1",
        "@dprint/typescript": "0.93.4",
        "@esfx/canceltoken": "^1.0.0",
        "@eslint/js": "^9.20.0",
        "@octokit/rest": "^21.1.1",
        "@types/chai": "^4.3.20",
        "@types/diff": "^7.0.1",
        "@types/minimist": "^1.2.5",
        "@types/mocha": "^10.0.10",
        "@types/ms": "^0.7.34",
        "@types/node": "latest",
        "@types/source-map-support": "^0.5.10",
        "@types/which": "^3.0.4",
        "@typescript-eslint/rule-tester": "^8.24.1",
        "@typescript-eslint/type-utils": "^8.24.1",
        "@typescript-eslint/utils": "^8.24.1",
        "azure-devops-node-api": "^14.1.0",
        "c8": "^10.1.3",
        "chai": "^4.5.0",
        "chokidar": "^4.0.3",
        "diff": "^7.0.0",
        "dprint": "^0.49.0",
        "esbuild": "^0.25.0",
        "eslint": "^9.20.1",
        "eslint-formatter-autolinkable-stylish": "^1.4.0",
        "eslint-plugin-regexp": "^2.7.0",
        "fast-xml-parser": "^4.5.2",
        "glob": "^10.4.5",
        "globals": "^15.15.0",
        "hereby": "^1.10.0",
        "jsonc-parser": "^3.3.1",
        "knip": "^5.44.4",
        "minimist": "^1.2.8",
        "mocha": "^10.8.2",
        "mocha-fivemat-progress-reporter": "^0.1.0",
        "monocart-coverage-reports": "^2.12.1",
        "ms": "^2.1.3",
        "picocolors": "^1.1.1",
        "playwright": "^1.50.1",
        "source-map-support": "^0.5.21",
        "tslib": "^2.8.1",
        "typescript": "^5.7.3",
        "typescript-eslint": "^8.24.1",
        "which": "^3.0.1"
      },
      "engines": {
        "node": ">=14.17"
      }
    },
    "../../node_modules/.pnpm/vite@5.4.21/node_modules/vite": {
      "version": "5.4.21",
      "dev": true,
      "license": "MIT",
      "dependencies": {
        "esbuild": "^0.21.3",
        "postcss": "^8.4.43",
        "rollup": "^4.20.0"
      },
      "bin": {
        "vite": "bin/vite.js"
      },
      "devDependencies": {
        "@ampproject/remapping": "^2.3.0",
        "@babel/parser": "^7.25.6",
        "@jridgewell/trace-mapping": "^0.3.25",
        "@polka/compression": "^1.0.0-next.25",
        "@rollup/plugin-alias": "^5.1.0",
        "@rollup/plugin-commonjs": "^26.0.1",
        "@rollup/plugin-dynamic-import-vars": "^2.1.2",
        "@rollup/plugin-json": "^6.1.0",
        "@rollup/plugin-node-resolve": "15.2.3",
        "@rollup/pluginutils": "^5.1.0",
        "@types/escape-html": "^1.0.4",
        "@types/pnpapi": "^0.0.5",
        "artichokie": "^0.2.1",
        "cac": "^6.7.14",
        "chokidar": "^3.6.0",
        "connect": "^3.7.0",
        "convert-source-map": "^2.0.0",
        "cors": "^2.8.5",
        "cross-spawn": "^7.0.3",
        "debug": "^4.3.6",
        "dep-types": "link:./src/types",
        "dotenv": "^16.4.5",
        "dotenv-expand": "^11.0.6",
        "es-module-lexer": "^1.5.4",
        "escape-html": "^1.0.3",
        "estree-walker": "^3.0.3",
        "etag": "^1.8.1",
        "fast-glob": "^3.3.2",
        "http-proxy": "^1.18.1",
        "launch-editor-middleware": "^2.9.1",
        "lightningcss": "^1.26.0",
        "magic-string": "^0.30.11",
        "micromatch": "^4.0.8",
        "mlly": "^1.7.1",
        "mrmime": "^2.0.0",
        "open": "^8.4.2",
        "parse5": "^7.1.2",
        "pathe": "^1.1.2",
        "periscopic": "^4.0.2",
        "picocolors": "^1.0.1",
        "picomatch": "^2.3.1",
        "postcss-import": "^16.1.0",
        "postcss-load-config": "^4.0.2",
        "postcss-modules": "^6.0.0",
        "resolve.exports": "^2.0.2",
        "rollup-plugin-dts": "^6.1.1",
        "rollup-plugin-esbuild": "^6.1.1",
        "rollup-plugin-license": "^3.5.2",
        "sass": "^1.77.8",
        "sass-embedded": "^1.77.8",
        "sirv": "^2.0.4",
        "source-map-support": "^0.5.21",
        "strip-ansi": "^7.1.0",
        "strip-literal": "^2.1.0",
        "tsconfck": "^3.1.4",
        "tslib": "^2.7.0",
        "types": "link:./types",
        "ufo": "^1.5.4",
        "ws": "^8.18.0"
      },
      "engines": {
        "node": "^18.0.0 || >=20.0.0"
      },
      "funding": {
        "url": "https://github.com/vitejs/vite?sponsor=1"
      },
      "optionalDependencies": {
        "fsevents": "~2.3.3"
      },
      "peerDependencies": {
        "@types/node": "^18.0.0 || >=20.0.0",
        "less": "*",
        "lightningcss": "^1.21.0",
        "sass": "*",
        "sass-embedded": "*",
        "stylus": "*",
        "sugarss": "*",
        "terser": "^5.4.0"
      },
      "peerDependenciesMeta": {
        "@types/node": {
          "optional": true
        },
        "less": {
          "optional": true
        },
        "lightningcss": {
          "optional": true
        },
        "sass": {
          "optional": true
        },
        "sass-embedded": {
          "optional": true
        },
        "stylus": {
          "optional": true
        },
        "sugarss": {
          "optional": true
        },
        "terser": {
          "optional": true
        }
      }
    },
    "node_modules/@eslint/js": {
      "resolved": "../../node_modules/.pnpm/@eslint+js@9.39.2/node_modules/@eslint/js",
      "link": true
    },
    "node_modules/@tauri-apps/api": {
      "resolved": "../../node_modules/.pnpm/@tauri-apps+api@2.9.1/node_modules/@tauri-apps/api",
      "link": true
    },
    "node_modules/@tauri-apps/cli": {
      "resolved": "../../node_modules/.pnpm/@tauri-apps+cli@2.9.6/node_modules/@tauri-apps/cli",
      "link": true
    },
    "node_modules/@tauri-apps/plugin-dialog": {
      "version": "2.6.0",
      "resolved": "https://registry.npmjs.org/@tauri-apps/plugin-dialog/-/plugin-dialog-2.6.0.tgz",
      "integrity": "sha512-q4Uq3eY87TdcYzXACiYSPhmpBA76shgmQswGkSVio4C82Sz2W4iehe9TnKYwbq7weHiL88Yw19XZm7v28+Micg==",
      "license": "MIT OR Apache-2.0",
      "dependencies": {
        "@tauri-apps/api": "^2.8.0"
      }
    },
    "node_modules/@tauri-apps/plugin-fs": {
      "version": "2.4.5",
      "resolved": "https://registry.npmjs.org/@tauri-apps/plugin-fs/-/plugin-fs-2.4.5.tgz",
      "integrity": "sha512-dVxWWGE6VrOxC7/jlhyE+ON/Cc2REJlM35R3PJX3UvFw2XwYhLGQVAIyrehenDdKjotipjYEVc4YjOl3qq90fA==",
      "license": "MIT OR Apache-2.0",
      "dependencies": {
        "@tauri-apps/api": "^2.8.0"
      }
    },
    "node_modules/@tauri-apps/plugin-shell": {
      "resolved": "../../node_modules/.pnpm/@tauri-apps+plugin-shell@2.3.4/node_modules/@tauri-apps/plugin-shell",
      "link": true
    },
    "node_modules/@types/react": {
      "resolved": "../../node_modules/.pnpm/@types+react@18.3.27/node_modules/@types/react",
      "link": true
    },
    "node_modules/@types/react-dom": {
      "resolved": "../../node_modules/.pnpm/@types+react-dom@18.3.7_@types+react@18.3.27/node_modules/@types/react-dom",
      "link": true
    },
    "node_modules/@typescript-eslint/eslint-plugin": {
      "resolved": "../../node_modules/.pnpm/@typescript-eslint+eslint-plugin@8.54.0_@typescript-eslint+parser@8.54.0_eslint@9.39.2_typesc_5lveh45vmgjk34yu5t4vlz3xyq/node_modules/@typescript-eslint/eslint-plugin",
      "link": true
    },
    "node_modules/@typescript-eslint/parser": {
      "resolved": "../../node_modules/.pnpm/@typescript-eslint+parser@8.54.0_eslint@9.39.2_typescript@5.9.3/node_modules/@typescript-eslint/parser",
      "link": true
    },
    "node_modules/@vitejs/plugin-react": {
      "resolved": "../../node_modules/.pnpm/@vitejs+plugin-react@4.7.0_vite@5.4.21/node_modules/@vitejs/plugin-react",
      "link": true
    },
    "node_modules/eslint": {
      "resolved": "../../node_modules/.pnpm/eslint@9.39.2/node_modules/eslint",
      "link": true
    },
    "node_modules/eslint-plugin-react-hooks": {
      "resolved": "../../node_modules/.pnpm/eslint-plugin-react-hooks@5.2.0_eslint@9.39.2/node_modules/eslint-plugin-react-hooks",
      "link": true
    },
    "node_modules/lightweight-charts": {
      "resolved": "../../node_modules/.pnpm/lightweight-charts@5.1.0/node_modules/lightweight-charts",
      "link": true
    },
    "node_modules/react": {
      "resolved": "../../node_modules/.pnpm/react@18.3.1/node_modules/react",
      "link": true
    },
    "node_modules/react-dom": {
      "resolved": "../../node_modules/.pnpm/react-dom@18.3.1_react@18.3.1/node_modules/react-dom",
      "link": true
    },
    "node_modules/react-router-dom": {
      "resolved": "../../node_modules/.pnpm/react-router-dom@7.13.0_react-dom@18.3.1_react@18.3.1__react@18.3.1/node_modules/react-router-dom",
      "link": true
    },
    "node_modules/typescript": {
      "resolved": "../../node_modules/.pnpm/typescript@5.9.3/node_modules/typescript",
      "link": true
    },
    "node_modules/typescript-eslint": {
      "resolved": "../../node_modules/.pnpm/typescript-eslint@8.54.0_eslint@9.39.2_typescript@5.9.3/node_modules/typescript-eslint",
      "link": true
    },
    "node_modules/vite": {
      "resolved": "../../node_modules/.pnpm/vite@5.4.21/node_modules/vite",
      "link": true
    }
  }
}
